
Microsoft Visual Studio Solution File, Format Version 12.00
Project("{FAE04EC0-301F-11D3-BF4B-00C04F79EFBC}") = "RouteForce.Web", "src\RouteForce.Web\RouteForce.Web.csproj", "{C22FCBA5-92D7-487B-9673-DD81524DEA40}"
EndProject
Project("{2150E333-8FDC-42A3-9474-1A3956D46DE8}") = "src", "src", "{8D519847-97B4-456A-8287-58F86484271E}"
EndProject
Project("{2150E333-8FDC-42A3-9474-1A3956D46DE8}") = "tests", "tests", "{3F80CEC0-F7C9-419A-932B-D4C6B477B6B2}"
EndProject
Project("{FAE04EC0-301F-11D3-BF4B-00C04F79EFBC}") = "RouteForce.Application", "src\RouteForce.Application\RouteForce.Application.csproj", "{A21E15BB-4DD3-4F6C-8773-0537FB7BE8A1}"
EndProject
Project("{FAE04EC0-301F-11D3-BF4B-00C04F79EFBC}") = "RouteForce.Infrastructure", "src\RouteForce.Infrastructure\RouteForce.Infrastructure.csproj", "{A532A592-22B8-49AB-9A69-F98D826DAE66}"
EndProject
Project("{FAE04EC0-301F-11D3-BF4B-00C04F79EFBC}") = "RouteForce.Core", "src\RouteForce.Core\RouteForce.Core.csproj", "{E50CAEC9-570D-4119-AC53-2594957261D2}"
EndProject
Project("{FAE04EC0-301F-11D3-BF4B-00C04F79EFBC}") = "RouteForce.Application.Test", "tests\RouteForce.Application.Test\RouteForce.Application.Test.csproj", "{FB8AB584-448E-4B14-A43F-FC0174C78F36}"
EndProject
Project("{FAE04EC0-301F-11D3-BF4B-00C04F79EFBC}") = "RouteForce.Infrastructure.Test", "tests\RouteForce.Infrastructure.Test\RouteForce.Infrastructure.Test.csproj", "{27097A0A-C51E-4269-A716-24C66A4F9994}"
EndProject
Project("{FAE04EC0-301F-11D3-BF4B-00C04F79EFBC}") = "RouteForce.Core.Test", "RouteForce.Core.Test\RouteForce.Core.Test.csproj", "{13F490BE-0E4E-4C36-B646-6E45FC40D441}"
EndProject
Global
	GlobalSection(SolutionConfigurationPlatforms) = preSolution
		Debug|Any CPU = Debug|Any CPU
		Release|Any CPU = Release|Any CPU
	EndGlobalSection
	GlobalSection(ProjectConfigurationPlatforms) = postSolution
		{C22FCBA5-92D7-487B-9673-DD81524DEA40}.Debug|Any CPU.ActiveCfg = Debug|Any CPU
		{C22FCBA5-92D7-487B-9673-DD81524DEA40}.Debug|Any CPU.Build.0 = Debug|Any CPU
		{C22FCBA5-92D7-487B-9673-DD81524DEA40}.Release|Any CPU.ActiveCfg = Release|Any CPU
		{C22FCBA5-92D7-487B-9673-DD81524DEA40}.Release|Any CPU.Build.0 = Release|Any CPU
		{A21E15BB-4DD3-4F6C-8773-0537FB7BE8A1}.Debug|Any CPU.ActiveCfg = Debug|Any CPU
		{A21E15BB-4DD3-4F6C-8773-0537FB7BE8A1}.Debug|Any CPU.Build.0 = Debug|Any CPU
		{A21E15BB-4DD3-4F6C-8773-0537FB7BE8A1}.Release|Any CPU.ActiveCfg = Release|Any CPU
		{A21E15BB-4DD3-4F6C-8773-0537FB7BE8A1}.Release|Any CPU.Build.0 = Release|Any CPU
		{A532A592-22B8-49AB-9A69-F98D826DAE66}.Debug|Any CPU.ActiveCfg = Debug|Any CPU
		{A532A592-22B8-49AB-9A69-F98D826DAE66}.Debug|Any CPU.Build.0 = Debug|Any CPU
		{A532A592-22B8-49AB-9A69-F98D826DAE66}.Release|Any CPU.ActiveCfg = Release|Any CPU
		{A532A592-22B8-49AB-9A69-F98D826DAE66}.Release|Any CPU.Build.0 = Release|Any CPU
		{E50CAEC9-570D-4119-AC53-2594957261D2}.Debug|Any CPU.ActiveCfg = Debug|Any CPU
		{E50CAEC9-570D-4119-AC53-2594957261D2}.Debug|Any CPU.Build.0 = Debug|Any CPU
		{E50CAEC9-570D-4119-AC53-2594957261D2}.Release|Any CPU.ActiveCfg = Release|Any CPU
		{E50CAEC9-570D-4119-AC53-2594957261D2}.Release|Any CPU.Build.0 = Release|Any CPU
		{FB8AB584-448E-4B14-A43F-FC0174C78F36}.Debug|Any CPU.ActiveCfg = Debug|Any CPU
		{FB8AB584-448E-4B14-A43F-FC0174C78F36}.Debug|Any CPU.Build.0 = Debug|Any CPU
		{FB8AB584-448E-4B14-A43F-FC0174C78F36}.Release|Any CPU.ActiveCfg = Release|Any CPU
		{FB8AB584-448E-4B14-A43F-FC0174C78F36}.Release|Any CPU.Build.0 = Release|Any CPU
		{27097A0A-C51E-4269-A716-24C66A4F9994}.Debug|Any CPU.ActiveCfg = Debug|Any CPU
		{27097A0A-C51E-4269-A716-24C66A4F9994}.Debug|Any CPU.Build.0 = Debug|Any CPU
		{27097A0A-C51E-4269-A716-24C66A4F9994}.Release|Any CPU.ActiveCfg = Release|Any CPU
		{27097A0A-C51E-4269-A716-24C66A4F9994}.Release|Any CPU.Build.0 = Release|Any CPU
		{13F490BE-0E4E-4C36-B646-6E45FC40D441}.Debug|Any CPU.ActiveCfg = Debug|Any CPU
		{13F490BE-0E4E-4C36-B646-6E45FC40D441}.Debug|Any CPU.Build.0 = Debug|Any CPU
		{13F490BE-0E4E-4C36-B646-6E45FC40D441}.Release|Any CPU.ActiveCfg = Release|Any CPU
		{13F490BE-0E4E-4C36-B646-6E45FC40D441}.Release|Any CPU.Build.0 = Release|Any CPU
	EndGlobalSection
	GlobalSection(NestedProjects) = preSolution
		{C22FCBA5-92D7-487B-9673-DD81524DEA40} = {8D519847-97B4-456A-8287-58F86484271E}
		{A21E15BB-4DD3-4F6C-8773-0537FB7BE8A1} = {8D519847-97B4-456A-8287-58F86484271E}
		{E50CAEC9-570D-4119-AC53-2594957261D2} = {8D519847-97B4-456A-8287-58F86484271E}
		{A532A592-22B8-49AB-9A69-F98D826DAE66} = {8D519847-97B4-456A-8287-58F86484271E}
		{FB8AB584-448E-4B14-A43F-FC0174C78F36} = {3F80CEC0-F7C9-419A-932B-D4C6B477B6B2}
		{27097A0A-C51E-4269-A716-24C66A4F9994} = {3F80CEC0-F7C9-419A-932B-D4C6B477B6B2}
		{13F490BE-0E4E-4C36-B646-6E45FC40D441} = {3F80CEC0-F7C9-419A-932B-D4C6B477B6B2}
	EndGlobalSection
EndGlobal
